// !$*UTF8*$!
{
	archiveVersion = 1;
	classes = {
	};
	objectVersion = 56;
	objects = {

/* Begin PBXBuildFile section */
		63203DC92B296D6300855113 /* amattaApp.swift in Sources */ = {isa = PBXBuildFile; fileRef = 63203DC82B296D6300855113 /* amattaApp.swift */; };
		63203DCB2B296D6300855113 /* ContentView.swift in Sources */ = {isa = PBXBuildFile; fileRef = 63203DCA2B296D6300855113 /* ContentView.swift */; };
		63203DCF2B296D6400855113 /* Assets.xcassets in Resources */ = {isa = PBXBuildFile; fileRef = 63203DCE2B296D6400855113 /* Assets.xcassets */; };
		63203DD32B296D6400855113 /* Preview Assets.xcassets in Resources */ = {isa = PBXBuildFile; fileRef = 63203DD22B296D6400855113 /* Preview Assets.xcassets */; };
		63203DDD2B296D6400855113 /* amattaTests.swift in Sources */ = {isa = PBXBuildFile; fileRef = 63203DDC2B296D6400855113 /* amattaTests.swift */; };
		63203DE72B296D6400855113 /* amattaUITests.swift in Sources */ = {isa = PBXBuildFile; fileRef = 63203DE62B296D6400855113 /* amattaUITests.swift */; };
		63203DE92B296D6400855113 /* amattaUITestsLaunchTests.swift in Sources */ = {isa = PBXBuildFile; fileRef = 63203DE82B296D6400855113 /* amattaUITestsLaunchTests.swift */; };
		63203DF62B29951300855113 /* Launch Screen.storyboard in Resources */ = {isa = PBXBuildFile; fileRef = 63203DF52B29951300855113 /* Launch Screen.storyboard */; };
		63203DF82B29A1A400855113 /* AddAlarmView.swift in Sources */ = {isa = PBXBuildFile; fileRef = 63203DF72B29A1A400855113 /* AddAlarmView.swift */; };
		63203DFC2B2AA68400855113 /* AppDelegate.swift in Sources */ = {isa = PBXBuildFile; fileRef = 63203DFB2B2AA68400855113 /* AppDelegate.swift */; };
		63203DFF2B2AAB2B00855113 /* Localizable.strings in Resources */ = {isa = PBXBuildFile; fileRef = 63203E012B2AAB2B00855113 /* Localizable.strings */; };
		63203E042B2AC61700855113 /* CustomTextField.swift in Sources */ = {isa = PBXBuildFile; fileRef = 63203E032B2AC61700855113 /* CustomTextField.swift */; };
		63203E062B2AC62E00855113 /* DayButton.swift in Sources */ = {isa = PBXBuildFile; fileRef = 63203E052B2AC62E00855113 /* DayButton.swift */; };
		63203E082B2AC63B00855113 /* CustomDatePicker.swift in Sources */ = {isa = PBXBuildFile; fileRef = 63203E072B2AC63B00855113 /* CustomDatePicker.swift */; };
		63203E0A2B2AC64700855113 /* SectionHeaderView.swift in Sources */ = {isa = PBXBuildFile; fileRef = 63203E092B2AC64700855113 /* SectionHeaderView.swift */; };
		63203E0C2B2AC65500855113 /* AlarmHeaderView.swift in Sources */ = {isa = PBXBuildFile; fileRef = 63203E0B2B2AC65500855113 /* AlarmHeaderView.swift */; };
		637C303F2B2BEF050006812D /* AlarmData.xcdatamodeld in Sources */ = {isa = PBXBuildFile; fileRef = 637C303D2B2BEF050006812D /* AlarmData.xcdatamodeld */; };
		6386CB802B31379E004E89D3 /* EditItemView.swift in Sources */ = {isa = PBXBuildFile; fileRef = 6386CB7F2B31379E004E89D3 /* EditItemView.swift */; };
		6386CB822B31381C004E89D3 /* EditItemHeaderView.swift in Sources */ = {isa = PBXBuildFile; fileRef = 6386CB812B31381C004E89D3 /* EditItemHeaderView.swift */; };
		6386CB8E2B329F82004E89D3 /* NotificationManager.swift in Sources */ = {isa = PBXBuildFile; fileRef = 6386CB8D2B329F82004E89D3 /* NotificationManager.swift */; };
		6386CB902B32ABB7004E89D3 /* ToastMessageView.swift in Sources */ = {isa = PBXBuildFile; fileRef = 6386CB8F2B32ABB7004E89D3 /* ToastMessageView.swift */; };
		6386CB952B32B4C5004E89D3 /* Alarm+CoreDataClass.swift in Sources */ = {isa = PBXBuildFile; fileRef = 6386CB912B32B4C5004E89D3 /* Alarm+CoreDataClass.swift */; };
		6386CB962B32B4C5004E89D3 /* Alarm+CoreDataProperties.swift in Sources */ = {isa = PBXBuildFile; fileRef = 6386CB922B32B4C5004E89D3 /* Alarm+CoreDataProperties.swift */; };
		6386CB972B32B4C5004E89D3 /* Items+CoreDataClass.swift in Sources */ = {isa = PBXBuildFile; fileRef = 6386CB932B32B4C5004E89D3 /* Items+CoreDataClass.swift */; };
		6386CB982B32B4C5004E89D3 /* Items+CoreDataProperties.swift in Sources */ = {isa = PBXBuildFile; fileRef = 6386CB942B32B4C5004E89D3 /* Items+CoreDataProperties.swift */; };
		63AAADE32B2C1BAE00714F0E /* AddItemView.swift in Sources */ = {isa = PBXBuildFile; fileRef = 63AAADE22B2C1BAE00714F0E /* AddItemView.swift */; };
		63AAADE52B2C1CB100714F0E /* ItemHeaderView.swift in Sources */ = {isa = PBXBuildFile; fileRef = 63AAADE42B2C1CB100714F0E /* ItemHeaderView.swift */; };
/* End PBXBuildFile section */

/* Begin PBXContainerItemProxy section */
		63203DD92B296D6400855113 /* PBXContainerItemProxy */ = {
			isa = PBXContainerItemProxy;
			containerPortal = 63203DBD2B296D6300855113 /* Project object */;
			proxyType = 1;
			remoteGlobalIDString = 63203DC42B296D6300855113;
			remoteInfo = amatta;
		};
		63203DE32B296D6400855113 /* PBXContainerItemProxy */ = {
			isa = PBXContainerItemProxy;
			containerPortal = 63203DBD2B296D6300855113 /* Project object */;
			proxyType = 1;
			remoteGlobalIDString = 63203DC42B296D6300855113;
			remoteInfo = amatta;
		};
/* End PBXContainerItemProxy section */

/* Begin PBXFileReference section */
		63203DC52B296D6300855113 /* amatta.app */ = {isa = PBXFileReference; explicitFileType = wrapper.application; includeInIndex = 0; path = amatta.app; sourceTree = BUILT_PRODUCTS_DIR; };
		63203DC82B296D6300855113 /* amattaApp.swift */ = {isa = PBXFileReference; lastKnownFileType = sourcecode.swift; path = amattaApp.swift; sourceTree = "<group>"; };
		63203DCA2B296D6300855113 /* ContentView.swift */ = {isa = PBXFileReference; lastKnownFileType = sourcecode.swift; path = ContentView.swift; sourceTree = "<group>"; };
		63203DCE2B296D6400855113 /* Assets.xcassets */ = {isa = PBXFileReference; lastKnownFileType = folder.assetcatalog; path = Assets.xcassets; sourceTree = "<group>"; };
		63203DD02B296D6400855113 /* amatta.entitlements */ = {isa = PBXFileReference; lastKnownFileType = text.plist.entitlements; path = amatta.entitlements; sourceTree = "<group>"; };
		63203DD22B296D6400855113 /* Preview Assets.xcassets */ = {isa = PBXFileReference; lastKnownFileType = folder.assetcatalog; path = "Preview Assets.xcassets"; sourceTree = "<group>"; };
		63203DD82B296D6400855113 /* amattaTests.xctest */ = {isa = PBXFileReference; explicitFileType = wrapper.cfbundle; includeInIndex = 0; path = amattaTests.xctest; sourceTree = BUILT_PRODUCTS_DIR; };
		63203DDC2B296D6400855113 /* amattaTests.swift */ = {isa = PBXFileReference; lastKnownFileType = sourcecode.swift; path = amattaTests.swift; sourceTree = "<group>"; };
		63203DE22B296D6400855113 /* amattaUITests.xctest */ = {isa = PBXFileReference; explicitFileType = wrapper.cfbundle; includeInIndex = 0; path = amattaUITests.xctest; sourceTree = BUILT_PRODUCTS_DIR; };
		63203DE62B296D6400855113 /* amattaUITests.swift */ = {isa = PBXFileReference; lastKnownFileType = sourcecode.swift; path = amattaUITests.swift; sourceTree = "<group>"; };
		63203DE82B296D6400855113 /* amattaUITestsLaunchTests.swift */ = {isa = PBXFileReference; lastKnownFileType = sourcecode.swift; path = amattaUITestsLaunchTests.swift; sourceTree = "<group>"; };
		63203DF52B29951300855113 /* Launch Screen.storyboard */ = {isa = PBXFileReference; lastKnownFileType = file.storyboard; path = "Launch Screen.storyboard"; sourceTree = "<group>"; };
		63203DF72B29A1A400855113 /* AddAlarmView.swift */ = {isa = PBXFileReference; lastKnownFileType = sourcecode.swift; path = AddAlarmView.swift; sourceTree = "<group>"; };
		63203DFB2B2AA68400855113 /* AppDelegate.swift */ = {isa = PBXFileReference; lastKnownFileType = sourcecode.swift; path = AppDelegate.swift; sourceTree = "<group>"; };
		63203E002B2AAB2B00855113 /* en */ = {isa = PBXFileReference; lastKnownFileType = text.plist.strings; name = en; path = en.lproj/Localizable.strings; sourceTree = "<group>"; };
		63203E022B2AAB8C00855113 /* ko */ = {isa = PBXFileReference; lastKnownFileType = text.plist.strings; name = ko; path = ko.lproj/Localizable.strings; sourceTree = "<group>"; };
		63203E032B2AC61700855113 /* CustomTextField.swift */ = {isa = PBXFileReference; lastKnownFileType = sourcecode.swift; path = CustomTextField.swift; sourceTree = "<group>"; };
		63203E052B2AC62E00855113 /* DayButton.swift */ = {isa = PBXFileReference; lastKnownFileType = sourcecode.swift; path = DayButton.swift; sourceTree = "<group>"; };
		63203E072B2AC63B00855113 /* CustomDatePicker.swift */ = {isa = PBXFileReference; lastKnownFileType = sourcecode.swift; path = CustomDatePicker.swift; sourceTree = "<group>"; };
		63203E092B2AC64700855113 /* SectionHeaderView.swift */ = {isa = PBXFileReference; lastKnownFileType = sourcecode.swift; path = SectionHeaderView.swift; sourceTree = "<group>"; };
		63203E0B2B2AC65500855113 /* AlarmHeaderView.swift */ = {isa = PBXFileReference; lastKnownFileType = sourcecode.swift; path = AlarmHeaderView.swift; sourceTree = "<group>"; };
		637C303E2B2BEF050006812D /* AlarmData.xcdatamodel */ = {isa = PBXFileReference; lastKnownFileType = wrapper.xcdatamodel; path = AlarmData.xcdatamodel; sourceTree = "<group>"; };
		6386CB7F2B31379E004E89D3 /* EditItemView.swift */ = {isa = PBXFileReference; lastKnownFileType = sourcecode.swift; path = EditItemView.swift; sourceTree = "<group>"; };
		6386CB812B31381C004E89D3 /* EditItemHeaderView.swift */ = {isa = PBXFileReference; lastKnownFileType = sourcecode.swift; path = EditItemHeaderView.swift; sourceTree = "<group>"; };
		6386CB8D2B329F82004E89D3 /* NotificationManager.swift */ = {isa = PBXFileReference; lastKnownFileType = sourcecode.swift; path = NotificationManager.swift; sourceTree = "<group>"; };
		6386CB8F2B32ABB7004E89D3 /* ToastMessageView.swift */ = {isa = PBXFileReference; lastKnownFileType = sourcecode.swift; path = ToastMessageView.swift; sourceTree = "<group>"; };
		6386CB912B32B4C5004E89D3 /* Alarm+CoreDataClass.swift */ = {isa = PBXFileReference; lastKnownFileType = sourcecode.swift; path = "Alarm+CoreDataClass.swift"; sourceTree = "<group>"; };
		6386CB922B32B4C5004E89D3 /* Alarm+CoreDataProperties.swift */ = {isa = PBXFileReference; lastKnownFileType = sourcecode.swift; path = "Alarm+CoreDataProperties.swift"; sourceTree = "<group>"; };
		6386CB932B32B4C5004E89D3 /* Items+CoreDataClass.swift */ = {isa = PBXFileReference; lastKnownFileType = sourcecode.swift; path = "Items+CoreDataClass.swift"; sourceTree = "<group>"; };
		6386CB942B32B4C5004E89D3 /* Items+CoreDataProperties.swift */ = {isa = PBXFileReference; lastKnownFileType = sourcecode.swift; path = "Items+CoreDataProperties.swift"; sourceTree = "<group>"; };
		63AAADE22B2C1BAE00714F0E /* AddItemView.swift */ = {isa = PBXFileReference; lastKnownFileType = sourcecode.swift; name = AddItemView.swift; path = ../AddItemView.swift; sourceTree = "<group>"; };
		63AAADE42B2C1CB100714F0E /* ItemHeaderView.swift */ = {isa = PBXFileReference; lastKnownFileType = sourcecode.swift; path = ItemHeaderView.swift; sourceTree = "<group>"; };
/* End PBXFileReference section */

/* Begin PBXFrameworksBuildPhase section */
		63203DC22B296D6300855113 /* Frameworks */ = {
			isa = PBXFrameworksBuildPhase;
			buildActionMask = 2147483647;
			files = (
			);
			runOnlyForDeploymentPostprocessing = 0;
		};
		63203DD52B296D6400855113 /* Frameworks */ = {
			isa = PBXFrameworksBuildPhase;
			buildActionMask = 2147483647;
			files = (
			);
			runOnlyForDeploymentPostprocessing = 0;
		};
		63203DDF2B296D6400855113 /* Frameworks */ = {
			isa = PBXFrameworksBuildPhase;
			buildActionMask = 2147483647;
			files = (
			);
			runOnlyForDeploymentPostprocessing = 0;
		};
/* End PBXFrameworksBuildPhase section */

/* Begin PBXGroup section */
		63203DBC2B296D6300855113 = {
			isa = PBXGroup;
			children = (
				63203DC72B296D6300855113 /* amatta */,
				63203DDB2B296D6400855113 /* amattaTests */,
				63203DE52B296D6400855113 /* amattaUITests */,
				63203DC62B296D6300855113 /* Products */,
			);
			sourceTree = "<group>";
		};
		63203DC62B296D6300855113 /* Products */ = {
			isa = PBXGroup;
			children = (
				63203DC52B296D6300855113 /* amatta.app */,
				63203DD82B296D6400855113 /* amattaTests.xctest */,
				63203DE22B296D6400855113 /* amattaUITests.xctest */,
			);
			name = Products;
			sourceTree = "<group>";
		};
		63203DC72B296D6300855113 /* amatta */ = {
			isa = PBXGroup;
			children = (
				6386CB912B32B4C5004E89D3 /* Alarm+CoreDataClass.swift */,
				6386CB922B32B4C5004E89D3 /* Alarm+CoreDataProperties.swift */,
				6386CB932B32B4C5004E89D3 /* Items+CoreDataClass.swift */,
				6386CB942B32B4C5004E89D3 /* Items+CoreDataProperties.swift */,
				63203E032B2AC61700855113 /* CustomTextField.swift */,
				63203E012B2AAB2B00855113 /* Localizable.strings */,
				63203DFB2B2AA68400855113 /* AppDelegate.swift */,
				637C303D2B2BEF050006812D /* AlarmData.xcdatamodeld */,
				63203DC82B296D6300855113 /* amattaApp.swift */,
				63203DCA2B296D6300855113 /* ContentView.swift */,
				63203DCE2B296D6400855113 /* Assets.xcassets */,
				63203DD02B296D6400855113 /* amatta.entitlements */,
				63203DD12B296D6400855113 /* Preview Content */,
				63203DF52B29951300855113 /* Launch Screen.storyboard */,
				63203DF72B29A1A400855113 /* AddAlarmView.swift */,
				6386CB8F2B32ABB7004E89D3 /* ToastMessageView.swift */,
				63AAADE22B2C1BAE00714F0E /* AddItemView.swift */,
				6386CB812B31381C004E89D3 /* EditItemHeaderView.swift */,
				6386CB7F2B31379E004E89D3 /* EditItemView.swift */,
				6386CB8D2B329F82004E89D3 /* NotificationManager.swift */,
				63203E052B2AC62E00855113 /* DayButton.swift */,
				63203E072B2AC63B00855113 /* CustomDatePicker.swift */,
				63203E092B2AC64700855113 /* SectionHeaderView.swift */,
				63203E0B2B2AC65500855113 /* AlarmHeaderView.swift */,
				63AAADE42B2C1CB100714F0E /* ItemHeaderView.swift */,
			);
			path = amatta;
			sourceTree = "<group>";
		};
		63203DD12B296D6400855113 /* Preview Content */ = {
			isa = PBXGroup;
			children = (
				63203DD22B296D6400855113 /* Preview Assets.xcassets */,
			);
			path = "Preview Content";
			sourceTree = "<group>";
		};
		63203DDB2B296D6400855113 /* amattaTests */ = {
			isa = PBXGroup;
			children = (
				63203DDC2B296D6400855113 /* amattaTests.swift */,
			);
			path = amattaTests;
			sourceTree = "<group>";
		};
		63203DE52B296D6400855113 /* amattaUITests */ = {
			isa = PBXGroup;
			children = (
				63203DE62B296D6400855113 /* amattaUITests.swift */,
				63203DE82B296D6400855113 /* amattaUITestsLaunchTests.swift */,
			);
			path = amattaUITests;
			sourceTree = "<group>";
		};
/* End PBXGroup section */

/* Begin PBXNativeTarget section */
		63203DC42B296D6300855113 /* amatta */ = {
			isa = PBXNativeTarget;
			buildConfigurationList = 63203DEC2B296D6400855113 /* Build configuration list for PBXNativeTarget "amatta" */;
			buildPhases = (
				63203DC12B296D6300855113 /* Sources */,
				63203DC22B296D6300855113 /* Frameworks */,
				63203DC32B296D6300855113 /* Resources */,
			);
			buildRules = (
			);
			dependencies = (
			);
			name = amatta;
			productName = amatta;
			productReference = 63203DC52B296D6300855113 /* amatta.app */;
			productType = "com.apple.product-type.application";
		};
		63203DD72B296D6400855113 /* amattaTests */ = {
			isa = PBXNativeTarget;
			buildConfigurationList = 63203DEF2B296D6400855113 /* Build configuration list for PBXNativeTarget "amattaTests" */;
			buildPhases = (
				63203DD42B296D6400855113 /* Sources */,
				63203DD52B296D6400855113 /* Frameworks */,
				63203DD62B296D6400855113 /* Resources */,
			);
			buildRules = (
			);
			dependencies = (
				63203DDA2B296D6400855113 /* PBXTargetDependency */,
			);
			name = amattaTests;
			productName = amattaTests;
			productReference = 63203DD82B296D6400855113 /* amattaTests.xctest */;
			productType = "com.apple.product-type.bundle.unit-test";
		};
		63203DE12B296D6400855113 /* amattaUITests */ = {
			isa = PBXNativeTarget;
			buildConfigurationList = 63203DF22B296D6400855113 /* Build configuration list for PBXNativeTarget "amattaUITests" */;
			buildPhases = (
				63203DDE2B296D6400855113 /* Sources */,
				63203DDF2B296D6400855113 /* Frameworks */,
				63203DE02B296D6400855113 /* Resources */,
			);
			buildRules = (
			);
			dependencies = (
				63203DE42B296D6400855113 /* PBXTargetDependency */,
			);
			name = amattaUITests;
			productName = amattaUITests;
			productReference = 63203DE22B296D6400855113 /* amattaUITests.xctest */;
			productType = "com.apple.product-type.bundle.ui-testing";
		};
/* End PBXNativeTarget section */

/* Begin PBXProject section */
		63203DBD2B296D6300855113 /* Project object */ = {
			isa = PBXProject;
			attributes = {
				BuildIndependentTargetsInParallel = 1;
				LastSwiftUpdateCheck = 1500;
				LastUpgradeCheck = 1500;
				TargetAttributes = {
					63203DC42B296D6300855113 = {
						CreatedOnToolsVersion = 15.0;
					};
					63203DD72B296D6400855113 = {
						CreatedOnToolsVersion = 15.0;
						TestTargetID = 63203DC42B296D6300855113;
					};
					63203DE12B296D6400855113 = {
						CreatedOnToolsVersion = 15.0;
						TestTargetID = 63203DC42B296D6300855113;
					};
				};
			};
			buildConfigurationList = 63203DC02B296D6300855113 /* Build configuration list for PBXProject "amatta" */;
			compatibilityVersion = "Xcode 14.0";
			developmentRegion = ko;
			hasScannedForEncodings = 0;
			knownRegions = (
				en,
				Base,
				ko,
			);
			mainGroup = 63203DBC2B296D6300855113;
			productRefGroup = 63203DC62B296D6300855113 /* Products */;
			projectDirPath = "";
			projectRoot = "";
			targets = (
				63203DC42B296D6300855113 /* amatta */,
				63203DD72B296D6400855113 /* amattaTests */,
				63203DE12B296D6400855113 /* amattaUITests */,
			);
		};
/* End PBXProject section */

/* Begin PBXResourcesBuildPhase section */
		63203DC32B296D6300855113 /* Resources */ = {
			isa = PBXResourcesBuildPhase;
			buildActionMask = 2147483647;
			files = (
				63203DF62B29951300855113 /* Launch Screen.storyboard in Resources */,
				63203DFF2B2AAB2B00855113 /* Localizable.strings in Resources */,
				63203DD32B296D6400855113 /* Preview Assets.xcassets in Resources */,
				63203DCF2B296D6400855113 /* Assets.xcassets in Resources */,
			);
			runOnlyForDeploymentPostprocessing = 0;
		};
		63203DD62B296D6400855113 /* Resources */ = {
			isa = PBXResourcesBuildPhase;
			buildActionMask = 2147483647;
			files = (
			);
			runOnlyForDeploymentPostprocessing = 0;
		};
		63203DE02B296D6400855113 /* Resources */ = {
			isa = PBXResourcesBuildPhase;
			buildActionMask = 2147483647;
			files = (
			);
			runOnlyForDeploymentPostprocessing = 0;
		};
/* End PBXResourcesBuildPhase section */

/* Begin PBXSourcesBuildPhase section */
		63203DC12B296D6300855113 /* Sources */ = {
			isa = PBXSourcesBuildPhase;
			buildActionMask = 2147483647;
			files = (
				63203DFC2B2AA68400855113 /* AppDelegate.swift in Sources */,
				63203DCB2B296D6300855113 /* ContentView.swift in Sources */,
				6386CB982B32B4C5004E89D3 /* Items+CoreDataProperties.swift in Sources */,
				6386CB822B31381C004E89D3 /* EditItemHeaderView.swift in Sources */,
				63AAADE52B2C1CB100714F0E /* ItemHeaderView.swift in Sources */,
				63203DF82B29A1A400855113 /* AddAlarmView.swift in Sources */,
				6386CB962B32B4C5004E89D3 /* Alarm+CoreDataProperties.swift in Sources */,
				6386CB952B32B4C5004E89D3 /* Alarm+CoreDataClass.swift in Sources */,
				63203E0A2B2AC64700855113 /* SectionHeaderView.swift in Sources */,
				6386CB802B31379E004E89D3 /* EditItemView.swift in Sources */,
				6386CB902B32ABB7004E89D3 /* ToastMessageView.swift in Sources */,
				63203DC92B296D6300855113 /* amattaApp.swift in Sources */,
				63AAADE32B2C1BAE00714F0E /* AddItemView.swift in Sources */,
				63203E062B2AC62E00855113 /* DayButton.swift in Sources */,
				63203E0C2B2AC65500855113 /* AlarmHeaderView.swift in Sources */,
				637C303F2B2BEF050006812D /* AlarmData.xcdatamodeld in Sources */,
				63203E082B2AC63B00855113 /* CustomDatePicker.swift in Sources */,
				6386CB8E2B329F82004E89D3 /* NotificationManager.swift in Sources */,
				63203E042B2AC61700855113 /* CustomTextField.swift in Sources */,
				6386CB972B32B4C5004E89D3 /* Items+CoreDataClass.swift in Sources */,
			);
			runOnlyForDeploymentPostprocessing = 0;
		};
		63203DD42B296D6400855113 /* Sources */ = {
			isa = PBXSourcesBuildPhase;
			buildActionMask = 2147483647;
			files = (
				63203DDD2B296D6400855113 /* amattaTests.swift in Sources */,
			);
			runOnlyForDeploymentPostprocessing = 0;
		};
		63203DDE2B296D6400855113 /* Sources */ = {
			isa = PBXSourcesBuildPhase;
			buildActionMask = 2147483647;
			files = (
				63203DE92B296D6400855113 /* amattaUITestsLaunchTests.swift in Sources */,
				63203DE72B296D6400855113 /* amattaUITests.swift in Sources */,
			);
			runOnlyForDeploymentPostprocessing = 0;
		};
/* End PBXSourcesBuildPhase section */

/* Begin PBXTargetDependency section */
		63203DDA2B296D6400855113 /* PBXTargetDependency */ = {
			isa = PBXTargetDependency;
			target = 63203DC42B296D6300855113 /* amatta */;
			targetProxy = 63203DD92B296D6400855113 /* PBXContainerItemProxy */;
		};
		63203DE42B296D6400855113 /* PBXTargetDependency */ = {
			isa = PBXTargetDependency;
			target = 63203DC42B296D6300855113 /* amatta */;
			targetProxy = 63203DE32B296D6400855113 /* PBXContainerItemProxy */;
		};
/* End PBXTargetDependency section */

/* Begin PBXVariantGroup section */
		63203E012B2AAB2B00855113 /* Localizable.strings */ = {
			isa = PBXVariantGroup;
			children = (
				63203E002B2AAB2B00855113 /* en */,
				63203E022B2AAB8C00855113 /* ko */,
			);
			name = Localizable.strings;
			sourceTree = "<group>";
		};
/* End PBXVariantGroup section */

/* Begin XCBuildConfiguration section */
		63203DEA2B296D6400855113 /* Debug */ = {
			isa = XCBuildConfiguration;
			buildSettings = {
				ALWAYS_SEARCH_USER_PATHS = NO;
				ASSETCATALOG_COMPILER_GENERATE_SWIFT_ASSET_SYMBOL_EXTENSIONS = YES;
				CLANG_ANALYZER_LOCALIZABILITY_NONLOCALIZED = YES;
				CLANG_ANALYZER_NONNULL = YES;
				CLANG_ANALYZER_NUMBER_OBJECT_CONVERSION = YES_AGGRESSIVE;
				CLANG_CXX_LANGUAGE_STANDARD = "gnu++20";
				CLANG_ENABLE_MODULES = YES;
				CLANG_ENABLE_OBJC_ARC = YES;
				CLANG_ENABLE_OBJC_WEAK = YES;
				CLANG_WARN_BLOCK_CAPTURE_AUTORELEASING = YES;
				CLANG_WARN_BOOL_CONVERSION = YES;
				CLANG_WARN_COMMA = YES;
				CLANG_WARN_CONSTANT_CONVERSION = YES;
				CLANG_WARN_DEPRECATED_OBJC_IMPLEMENTATIONS = YES;
				CLANG_WARN_DIRECT_OBJC_ISA_USAGE = YES_ERROR;
				CLANG_WARN_DOCUMENTATION_COMMENTS = YES;
				CLANG_WARN_EMPTY_BODY = YES;
				CLANG_WARN_ENUM_CONVERSION = YES;
				CLANG_WARN_INFINITE_RECURSION = YES;
				CLANG_WARN_INT_CONVERSION = YES;
				CLANG_WARN_NON_LITERAL_NULL_CONVERSION = YES;
				CLANG_WARN_OBJC_IMPLICIT_RETAIN_SELF = YES;
				CLANG_WARN_OBJC_LITERAL_CONVERSION = YES;
				CLANG_WARN_OBJC_ROOT_CLASS = YES_ERROR;
				CLANG_WARN_QUOTED_INCLUDE_IN_FRAMEWORK_HEADER = YES;
				CLANG_WARN_RANGE_LOOP_ANALYSIS = YES;
				CLANG_WARN_STRICT_PROTOTYPES = YES;
				CLANG_WARN_SUSPICIOUS_MOVE = YES;
				CLANG_WARN_UNGUARDED_AVAILABILITY = YES_AGGRESSIVE;
				CLANG_WARN_UNREACHABLE_CODE = YES;
				CLANG_WARN__DUPLICATE_METHOD_MATCH = YES;
				COPY_PHASE_STRIP = NO;
				DEBUG_INFORMATION_FORMAT = dwarf;
				ENABLE_STRICT_OBJC_MSGSEND = YES;
				ENABLE_TESTABILITY = YES;
				ENABLE_USER_SCRIPT_SANDBOXING = YES;
				GCC_C_LANGUAGE_STANDARD = gnu17;
				GCC_DYNAMIC_NO_PIC = NO;
				GCC_NO_COMMON_BLOCKS = YES;
				GCC_OPTIMIZATION_LEVEL = 0;
				GCC_PREPROCESSOR_DEFINITIONS = (
					"DEBUG=1",
					"$(inherited)",
				);
				GCC_WARN_64_TO_32_BIT_CONVERSION = YES;
				GCC_WARN_ABOUT_RETURN_TYPE = YES_ERROR;
				GCC_WARN_UNDECLARED_SELECTOR = YES;
				GCC_WARN_UNINITIALIZED_AUTOS = YES_AGGRESSIVE;
				GCC_WARN_UNUSED_FUNCTION = YES;
				GCC_WARN_UNUSED_VARIABLE = YES;
				LOCALIZATION_PREFERS_STRING_CATALOGS = YES;
				MTL_ENABLE_DEBUG_INFO = INCLUDE_SOURCE;
				MTL_FAST_MATH = YES;
				ONLY_ACTIVE_ARCH = YES;
				SWIFT_ACTIVE_COMPILATION_CONDITIONS = "DEBUG $(inherited)";
				SWIFT_OPTIMIZATION_LEVEL = "-Onone";
			};
			name = Debug;
		};
		63203DEB2B296D6400855113 /* Release */ = {
			isa = XCBuildConfiguration;
			buildSettings = {
				ALWAYS_SEARCH_USER_PATHS = NO;
				ASSETCATALOG_COMPILER_GENERATE_SWIFT_ASSET_SYMBOL_EXTENSIONS = YES;
				CLANG_ANALYZER_LOCALIZABILITY_NONLOCALIZED = YES;
				CLANG_ANALYZER_NONNULL = YES;
				CLANG_ANALYZER_NUMBER_OBJECT_CONVERSION = YES_AGGRESSIVE;
				CLANG_CXX_LANGUAGE_STANDARD = "gnu++20";
				CLANG_ENABLE_MODULES = YES;
				CLANG_ENABLE_OBJC_ARC = YES;
				CLANG_ENABLE_OBJC_WEAK = YES;
				CLANG_WARN_BLOCK_CAPTURE_AUTORELEASING = YES;
				CLANG_WARN_BOOL_CONVERSION = YES;
				CLANG_WARN_COMMA = YES;
				CLANG_WARN_CONSTANT_CONVERSION = YES;
				CLANG_WARN_DEPRECATED_OBJC_IMPLEMENTATIONS = YES;
				CLANG_WARN_DIRECT_OBJC_ISA_USAGE = YES_ERROR;
				CLANG_WARN_DOCUMENTATION_COMMENTS = YES;
				CLANG_WARN_EMPTY_BODY = YES;
				CLANG_WARN_ENUM_CONVERSION = YES;
				CLANG_WARN_INFINITE_RECURSION = YES;
				CLANG_WARN_INT_CONVERSION = YES;
				CLANG_WARN_NON_LITERAL_NULL_CONVERSION = YES;
				CLANG_WARN_OBJC_IMPLICIT_RETAIN_SELF = YES;
				CLANG_WARN_OBJC_LITERAL_CONVERSION = YES;
				CLANG_WARN_OBJC_ROOT_CLASS = YES_ERROR;
				CLANG_WARN_QUOTED_INCLUDE_IN_FRAMEWORK_HEADER = YES;
				CLANG_WARN_RANGE_LOOP_ANALYSIS = YES;
				CLANG_WARN_STRICT_PROTOTYPES = YES;
				CLANG_WARN_SUSPICIOUS_MOVE = YES;
				CLANG_WARN_UNGUARDED_AVAILABILITY = YES_AGGRESSIVE;
				CLANG_WARN_UNREACHABLE_CODE = YES;
				CLANG_WARN__DUPLICATE_METHOD_MATCH = YES;
				COPY_PHASE_STRIP = NO;
				DEBUG_INFORMATION_FORMAT = "dwarf-with-dsym";
				ENABLE_NS_ASSERTIONS = NO;
				ENABLE_STRICT_OBJC_MSGSEND = YES;
				ENABLE_USER_SCRIPT_SANDBOXING = YES;
				GCC_C_LANGUAGE_STANDARD = gnu17;
				GCC_NO_COMMON_BLOCKS = YES;
				GCC_WARN_64_TO_32_BIT_CONVERSION = YES;
				GCC_WARN_ABOUT_RETURN_TYPE = YES_ERROR;
				GCC_WARN_UNDECLARED_SELECTOR = YES;
				GCC_WARN_UNINITIALIZED_AUTOS = YES_AGGRESSIVE;
				GCC_WARN_UNUSED_FUNCTION = YES;
				GCC_WARN_UNUSED_VARIABLE = YES;
				LOCALIZATION_PREFERS_STRING_CATALOGS = YES;
				MTL_ENABLE_DEBUG_INFO = NO;
				MTL_FAST_MATH = YES;
				SWIFT_COMPILATION_MODE = wholemodule;
			};
			name = Release;
		};
		63203DED2B296D6400855113 /* Debug */ = {
			isa = XCBuildConfiguration;
			buildSettings = {
				ASSETCATALOG_COMPILER_APPICON_NAME = AppIcon;
				ASSETCATALOG_COMPILER_GLOBAL_ACCENT_COLOR_NAME = AccentColor;
				CODE_SIGN_ENTITLEMENTS = amatta/amatta.entitlements;
				CODE_SIGN_STYLE = Automatic;
				CURRENT_PROJECT_VERSION = 1;
				DEVELOPMENT_ASSET_PATHS = "\"amatta/Preview Content\"";
				DEVELOPMENT_TEAM = WYTAHBTZHD;
				ENABLE_HARDENED_RUNTIME = YES;
				ENABLE_PREVIEWS = YES;
				GENERATE_INFOPLIST_FILE = YES;
				"INFOPLIST_KEY_UIApplicationSceneManifest_Generation[sdk=iphoneos*]" = YES;
				"INFOPLIST_KEY_UIApplicationSceneManifest_Generation[sdk=iphonesimulator*]" = YES;
				"INFOPLIST_KEY_UIApplicationSupportsIndirectInputEvents[sdk=iphoneos*]" = YES;
				"INFOPLIST_KEY_UIApplicationSupportsIndirectInputEvents[sdk=iphonesimulator*]" = YES;
				"INFOPLIST_KEY_UILaunchScreen_Generation[sdk=iphoneos*]" = YES;
				"INFOPLIST_KEY_UILaunchScreen_Generation[sdk=iphonesimulator*]" = YES;
				INFOPLIST_KEY_UILaunchStoryboardName = "Launch Screen.storyboard";
				"INFOPLIST_KEY_UIStatusBarStyle[sdk=iphoneos*]" = UIStatusBarStyleDefault;
				"INFOPLIST_KEY_UIStatusBarStyle[sdk=iphonesimulator*]" = UIStatusBarStyleDefault;
				INFOPLIST_KEY_UISupportedInterfaceOrientations_iPad = "UIInterfaceOrientationPortrait UIInterfaceOrientationPortraitUpsideDown UIInterfaceOrientationLandscapeLeft UIInterfaceOrientationLandscapeRight";
				INFOPLIST_KEY_UISupportedInterfaceOrientations_iPhone = "UIInterfaceOrientationPortrait UIInterfaceOrientationLandscapeLeft UIInterfaceOrientationLandscapeRight";
				IPHONEOS_DEPLOYMENT_TARGET = 17.0;
				LD_RUNPATH_SEARCH_PATHS = "@executable_path/Frameworks";
				"LD_RUNPATH_SEARCH_PATHS[sdk=macosx*]" = "@executable_path/../Frameworks";
				MACOSX_DEPLOYMENT_TARGET = 14.0;
				MARKETING_VERSION = 1.0;
				PRODUCT_BUNDLE_IDENTIFIER = krapli.amatta;
				PRODUCT_NAME = "$(TARGET_NAME)";
				SDKROOT = auto;
				SUPPORTED_PLATFORMS = "iphoneos iphonesimulator macosx";
				SWIFT_EMIT_LOC_STRINGS = YES;
				SWIFT_VERSION = 5.0;
				TARGETED_DEVICE_FAMILY = "1,2";
			};
			name = Debug;
		};
		63203DEE2B296D6400855113 /* Release */ = {
			isa = XCBuildConfiguration;
			buildSettings = {
				ASSETCATALOG_COMPILER_APPICON_NAME = AppIcon;
				ASSETCATALOG_COMPILER_GLOBAL_ACCENT_COLOR_NAME = AccentColor;
				CODE_SIGN_ENTITLEMENTS = amatta/amatta.entitlements;
				CODE_SIGN_STYLE = Automatic;
				CURRENT_PROJECT_VERSION = 1;
				DEVELOPMENT_ASSET_PATHS = "\"amatta/Preview Content\"";
				DEVELOPMENT_TEAM = WYTAHBTZHD;
				ENABLE_HARDENED_RUNTIME = YES;
				ENABLE_PREVIEWS = YES;
				GENERATE_INFOPLIST_FILE = YES;
				"INFOPLIST_KEY_UIApplicationSceneManifest_Generation[sdk=iphoneos*]" = YES;
				"INFOPLIST_KEY_UIApplicationSceneManifest_Generation[sdk=iphonesimulator*]" = YES;
				"INFOPLIST_KEY_UIApplicationSupportsIndirectInputEvents[sdk=iphoneos*]" = YES;
				"INFOPLIST_KEY_UIApplicationSupportsIndirectInputEvents[sdk=iphonesimulator*]" = YES;
				"INFOPLIST_KEY_UILaunchScreen_Generation[sdk=iphoneos*]" = YES;
				"INFOPLIST_KEY_UILaunchScreen_Generation[sdk=iphonesimulator*]" = YES;
				INFOPLIST_KEY_UILaunchStoryboardName = "Launch Screen.storyboard";
				"INFOPLIST_KEY_UIStatusBarStyle[sdk=iphoneos*]" = UIStatusBarStyleDefault;
				"INFOPLIST_KEY_UIStatusBarStyle[sdk=iphonesimulator*]" = UIStatusBarStyleDefault;
				INFOPLIST_KEY_UISupportedInterfaceOrientations_iPad = "UIInterfaceOrientationPortrait UIInterfaceOrientationPortraitUpsideDown UIInterfaceOrientationLandscapeLeft UIInterfaceOrientationLandscapeRight";
				INFOPLIST_KEY_UISupportedInterfaceOrientations_iPhone = "UIInterfaceOrientationPortrait UIInterfaceOrientationLandscapeLeft UIInterfaceOrientationLandscapeRight";
				IPHONEOS_DEPLOYMENT_TARGET = 17.0;
				LD_RUNPATH_SEARCH_PATHS = "@executable_path/Frameworks";
				"LD_RUNPATH_SEARCH_PATHS[sdk=macosx*]" = "@executable_path/../Frameworks";
				MACOSX_DEPLOYMENT_TARGET = 14.0;
				MARKETING_VERSION = 1.0;
				PRODUCT_BUNDLE_IDENTIFIER = krapli.amatta;
				PRODUCT_NAME = "$(TARGET_NAME)";
				SDKROOT = auto;
				SUPPORTED_PLATFORMS = "iphoneos iphonesimulator macosx";
				SWIFT_EMIT_LOC_STRINGS = YES;
				SWIFT_VERSION = 5.0;
				TARGETED_DEVICE_FAMILY = "1,2";
			};
			name = Release;
		};
		63203DF02B296D6400855113 /* Debug */ = {
			isa = XCBuildConfiguration;
			buildSettings = {
				ALWAYS_EMBED_SWIFT_STANDARD_LIBRARIES = YES;
				BUNDLE_LOADER = "$(TEST_HOST)";
				CODE_SIGN_STYLE = Automatic;
				CURRENT_PROJECT_VERSION = 1;
				DEVELOPMENT_TEAM = WYTAHBTZHD;
				GENERATE_INFOPLIST_FILE = YES;
				IPHONEOS_DEPLOYMENT_TARGET = 17.0;
				MACOSX_DEPLOYMENT_TARGET = 14.0;
				MARKETING_VERSION = 1.0;
				PRODUCT_BUNDLE_IDENTIFIER = krapli.amattaTests;
				PRODUCT_NAME = "$(TARGET_NAME)";
				SDKROOT = auto;
				SUPPORTED_PLATFORMS = "iphoneos iphonesimulator macosx";
				SWIFT_EMIT_LOC_STRINGS = NO;
				SWIFT_VERSION = 5.0;
				TARGETED_DEVICE_FAMILY = "1,2";
				TEST_HOST = "$(BUILT_PRODUCTS_DIR)/amatta.app/$(BUNDLE_EXECUTABLE_FOLDER_PATH)/amatta";
			};
			name = Debug;
		};
		63203DF12B296D6400855113 /* Release */ = {
			isa = XCBuildConfiguration;
			buildSettings = {
				ALWAYS_EMBED_SWIFT_STANDARD_LIBRARIES = YES;
				BUNDLE_LOADER = "$(TEST_HOST)";
				CODE_SIGN_STYLE = Automatic;
				CURRENT_PROJECT_VERSION = 1;
				DEVELOPMENT_TEAM = WYTAHBTZHD;
				GENERATE_INFOPLIST_FILE = YES;
				IPHONEOS_DEPLOYMENT_TARGET = 17.0;
				MACOSX_DEPLOYMENT_TARGET = 14.0;
				MARKETING_VERSION = 1.0;
				PRODUCT_BUNDLE_IDENTIFIER = krapli.amattaTests;
				PRODUCT_NAME = "$(TARGET_NAME)";
				SDKROOT = auto;
				SUPPORTED_PLATFORMS = "iphoneos iphonesimulator macosx";
				SWIFT_EMIT_LOC_STRINGS = NO;
				SWIFT_VERSION = 5.0;
				TARGETED_DEVICE_FAMILY = "1,2";
				TEST_HOST = "$(BUILT_PRODUCTS_DIR)/amatta.app/$(BUNDLE_EXECUTABLE_FOLDER_PATH)/amatta";
			};
			name = Release;
		};
		63203DF32B296D6400855113 /* Debug */ = {
			isa = XCBuildConfiguration;
			buildSettings = {
				ALWAYS_EMBED_SWIFT_STANDARD_LIBRARIES = YES;
				CODE_SIGN_STYLE = Automatic;
				CURRENT_PROJECT_VERSION = 1;
				DEVELOPMENT_TEAM = WYTAHBTZHD;
				GENERATE_INFOPLIST_FILE = YES;
				IPHONEOS_DEPLOYMENT_TARGET = 17.0;
				MACOSX_DEPLOYMENT_TARGET = 14.0;
				MARKETING_VERSION = 1.0;
				PRODUCT_BUNDLE_IDENTIFIER = krapli.amattaUITests;
				PRODUCT_NAME = "$(TARGET_NAME)";
				SDKROOT = auto;
				SUPPORTED_PLATFORMS = "iphoneos iphonesimulator macosx";
				SWIFT_EMIT_LOC_STRINGS = NO;
				SWIFT_VERSION = 5.0;
				TARGETED_DEVICE_FAMILY = "1,2";
				TEST_TARGET_NAME = amatta;
			};
			name = Debug;
		};
		63203DF42B296D6400855113 /* Release */ = {
			isa = XCBuildConfiguration;
			buildSettings = {
				ALWAYS_EMBED_SWIFT_STANDARD_LIBRARIES = YES;
				CODE_SIGN_STYLE = Automatic;
				CURRENT_PROJECT_VERSION = 1;
				DEVELOPMENT_TEAM = WYTAHBTZHD;
				GENERATE_INFOPLIST_FILE = YES;
				IPHONEOS_DEPLOYMENT_TARGET = 17.0;
				MACOSX_DEPLOYMENT_TARGET = 14.0;
				MARKETING_VERSION = 1.0;
				PRODUCT_BUNDLE_IDENTIFIER = krapli.amattaUITests;
				PRODUCT_NAME = "$(TARGET_NAME)";
				SDKROOT = auto;
				SUPPORTED_PLATFORMS = "iphoneos iphonesimulator macosx";
				SWIFT_EMIT_LOC_STRINGS = NO;
				SWIFT_VERSION = 5.0;
				TARGETED_DEVICE_FAMILY = "1,2";
				TEST_TARGET_NAME = amatta;
			};
			name = Release;
		};
/* End XCBuildConfiguration section */

/* Begin XCConfigurationList section */
		63203DC02B296D6300855113 /* Build configuration list for PBXProject "amatta" */ = {
			isa = XCConfigurationList;
			buildConfigurations = (
				63203DEA2B296D6400855113 /* Debug */,
				63203DEB2B296D6400855113 /* Release */,
			);
			defaultConfigurationIsVisible = 0;
			defaultConfigurationName = Release;
		};
		63203DEC2B296D6400855113 /* Build configuration list for PBXNativeTarget "amatta" */ = {
			isa = XCConfigurationList;
			buildConfigurations = (
				63203DED2B296D6400855113 /* Debug */,
				63203DEE2B296D6400855113 /* Release */,
			);
			defaultConfigurationIsVisible = 0;
			defaultConfigurationName = Release;
		};
		63203DEF2B296D6400855113 /* Build configuration list for PBXNativeTarget "amattaTests" */ = {
			isa = XCConfigurationList;
			buildConfigurations = (
				63203DF02B296D6400855113 /* Debug */,
				63203DF12B296D6400855113 /* Release */,
			);
			defaultConfigurationIsVisible = 0;
			defaultConfigurationName = Release;
		};
		63203DF22B296D6400855113 /* Build configuration list for PBXNativeTarget "amattaUITests" */ = {
			isa = XCConfigurationList;
			buildConfigurations = (
				63203DF32B296D6400855113 /* Debug */,
				63203DF42B296D6400855113 /* Release */,
			);
			defaultConfigurationIsVisible = 0;
			defaultConfigurationName = Release;
		};
/* End XCConfigurationList section */

/* Begin XCVersionGroup section */
		637C303D2B2BEF050006812D /* AlarmData.xcdatamodeld */ = {
			isa = XCVersionGroup;
			children = (
				637C303E2B2BEF050006812D /* AlarmData.xcdatamodel */,
			);
			currentVersion = 637C303E2B2BEF050006812D /* AlarmData.xcdatamodel */;
			path = AlarmData.xcdatamodeld;
			sourceTree = "<group>";
			versionGroupType = wrapper.xcdatamodel;
		};
/* End XCVersionGroup section */
	};
	rootObject = 63203DBD2B296D6300855113 /* Project object */;
}
